// !$*UTF8*$!
{
	archiveVersion = 1;
	classes = {
	};
	objectVersion = 56;
	objects = {

/* Begin PBXBuildFile section */
		2E0282CE2B986F87003CC30D /* AppDelegate.swift in Sources */ = {isa = PBXBuildFile; fileRef = 2E0282CD2B986F87003CC30D /* AppDelegate.swift */; };
		2E0282D22B986F87003CC30D /* LoginViewController.swift in Sources */ = {isa = PBXBuildFile; fileRef = 2E0282D12B986F87003CC30D /* LoginViewController.swift */; };
		2E0282D72B986F89003CC30D /* Assets.xcassets in Resources */ = {isa = PBXBuildFile; fileRef = 2E0282D62B986F89003CC30D /* Assets.xcassets */; };
		2E0282DA2B986F89003CC30D /* LaunchScreen.storyboard in Resources */ = {isa = PBXBuildFile; fileRef = 2E0282D82B986F89003CC30D /* LaunchScreen.storyboard */; };
		2E08B8A42B9896A6001A9DF0 /* LoginView.swift in Sources */ = {isa = PBXBuildFile; fileRef = 2E08B8A32B9896A6001A9DF0 /* LoginView.swift */; };
		2E08B8A62B98BAD0001A9DF0 /* Test.swift in Sources */ = {isa = PBXBuildFile; fileRef = 2E08B8A52B98BAD0001A9DF0 /* Test.swift */; };
		2E5F7AF02BA84F9600129384 /* OnboardingContainerViewController.swift in Sources */ = {isa = PBXBuildFile; fileRef = 2E5F7AEF2BA84F9600129384 /* OnboardingContainerViewController.swift */; };
		2E5F7AF22BA8576600129384 /* OnboardingViewController.swift in Sources */ = {isa = PBXBuildFile; fileRef = 2E5F7AF12BA8576600129384 /* OnboardingViewController.swift */; };
		2E877DEF2BB1746E00782C21 /* AccountSummaryViewController.swift in Sources */ = {isa = PBXBuildFile; fileRef = 2E877DEE2BB1746E00782C21 /* AccountSummaryViewController.swift */; };
		2EA7A7A62BAD9E9D009442F3 /* LocalState.swift in Sources */ = {isa = PBXBuildFile; fileRef = 2EA7A7A52BAD9E9D009442F3 /* LocalState.swift */; };
		2EA7A7A82BADBE39009442F3 /* UIViewController+Utils.swift in Sources */ = {isa = PBXBuildFile; fileRef = 2EA7A7A72BADBE39009442F3 /* UIViewController+Utils.swift */; };
		2EA7A7AA2BADC043009442F3 /* MainViewController.swift in Sources */ = {isa = PBXBuildFile; fileRef = 2EA7A7A92BADC043009442F3 /* MainViewController.swift */; };
		2EC9CB952BAD95F400D7D0ED /* DummyViewController.swift in Sources */ = {isa = PBXBuildFile; fileRef = 2EC9CB942BAD95F400D7D0ED /* DummyViewController.swift */; };
/* End PBXBuildFile section */

/* Begin PBXFileReference section */
		2E0282CA2B986F87003CC30D /* Bankey.app */ = {isa = PBXFileReference; explicitFileType = wrapper.application; includeInIndex = 0; path = Bankey.app; sourceTree = BUILT_PRODUCTS_DIR; };
		2E0282CD2B986F87003CC30D /* AppDelegate.swift */ = {isa = PBXFileReference; lastKnownFileType = sourcecode.swift; path = AppDelegate.swift; sourceTree = "<group>"; };
		2E0282D12B986F87003CC30D /* LoginViewController.swift */ = {isa = PBXFileReference; lastKnownFileType = sourcecode.swift; path = LoginViewController.swift; sourceTree = "<group>"; };
		2E0282D62B986F89003CC30D /* Assets.xcassets */ = {isa = PBXFileReference; lastKnownFileType = folder.assetcatalog; path = Assets.xcassets; sourceTree = "<group>"; };
		2E0282D92B986F89003CC30D /* Base */ = {isa = PBXFileReference; lastKnownFileType = file.storyboard; name = Base; path = Base.lproj/LaunchScreen.storyboard; sourceTree = "<group>"; };
		2E0282DB2B986F89003CC30D /* Info.plist */ = {isa = PBXFileReference; lastKnownFileType = text.plist.xml; path = Info.plist; sourceTree = "<group>"; };
		2E08B8A32B9896A6001A9DF0 /* LoginView.swift */ = {isa = PBXFileReference; lastKnownFileType = sourcecode.swift; path = LoginView.swift; sourceTree = "<group>"; };
		2E08B8A52B98BAD0001A9DF0 /* Test.swift */ = {isa = PBXFileReference; lastKnownFileType = sourcecode.swift; path = Test.swift; sourceTree = "<group>"; };
		2E5F7AEF2BA84F9600129384 /* OnboardingContainerViewController.swift */ = {isa = PBXFileReference; lastKnownFileType = sourcecode.swift; path = OnboardingContainerViewController.swift; sourceTree = "<group>"; };
		2E5F7AF12BA8576600129384 /* OnboardingViewController.swift */ = {isa = PBXFileReference; lastKnownFileType = sourcecode.swift; path = OnboardingViewController.swift; sourceTree = "<group>"; };
		2E877DEE2BB1746E00782C21 /* AccountSummaryViewController.swift */ = {isa = PBXFileReference; lastKnownFileType = sourcecode.swift; path = AccountSummaryViewController.swift; sourceTree = "<group>"; };
		2EA7A7A52BAD9E9D009442F3 /* LocalState.swift */ = {isa = PBXFileReference; lastKnownFileType = sourcecode.swift; path = LocalState.swift; sourceTree = "<group>"; };
		2EA7A7A72BADBE39009442F3 /* UIViewController+Utils.swift */ = {isa = PBXFileReference; lastKnownFileType = sourcecode.swift; path = "UIViewController+Utils.swift"; sourceTree = "<group>"; };
		2EA7A7A92BADC043009442F3 /* MainViewController.swift */ = {isa = PBXFileReference; lastKnownFileType = sourcecode.swift; path = MainViewController.swift; sourceTree = "<group>"; };
		2EC9CB942BAD95F400D7D0ED /* DummyViewController.swift */ = {isa = PBXFileReference; lastKnownFileType = sourcecode.swift; path = DummyViewController.swift; sourceTree = "<group>"; };
/* End PBXFileReference section */

/* Begin PBXFrameworksBuildPhase section */
		2E0282C72B986F87003CC30D /* Frameworks */ = {
			isa = PBXFrameworksBuildPhase;
			buildActionMask = 2147483647;
			files = (
			);
			runOnlyForDeploymentPostprocessing = 0;
		};
/* End PBXFrameworksBuildPhase section */

/* Begin PBXGroup section */
		2E0282C12B986F87003CC30D = {
			isa = PBXGroup;
			children = (
				2E0282CC2B986F87003CC30D /* Bankey */,
				2E0282CB2B986F87003CC30D /* Products */,
			);
			sourceTree = "<group>";
		};
		2E0282CB2B986F87003CC30D /* Products */ = {
			isa = PBXGroup;
			children = (
				2E0282CA2B986F87003CC30D /* Bankey.app */,
			);
			name = Products;
			sourceTree = "<group>";
		};
		2E0282CC2B986F87003CC30D /* Bankey */ = {
			isa = PBXGroup;
			children = (
				2E0282CD2B986F87003CC30D /* AppDelegate.swift */,
				2EA7A7A92BADC043009442F3 /* MainViewController.swift */,
				2E08B8A22B988B7A001A9DF0 /* Login */,
				2E5F7AEE2BA84F5B00129384 /* Onboarding */,
				2E877DED2BB1742100782C21 /* AccountSummary */,
				2EA7A7A42BAD9E54009442F3 /* Utils */,
				2E08B8A12B988B58001A9DF0 /* Files */,
				2E08B8A52B98BAD0001A9DF0 /* Test.swift */,
			);
			path = Bankey;
			sourceTree = "<group>";
		};
		2E08B8A12B988B58001A9DF0 /* Files */ = {
			isa = PBXGroup;
			children = (
				2E0282D62B986F89003CC30D /* Assets.xcassets */,
				2E0282D82B986F89003CC30D /* LaunchScreen.storyboard */,
				2E0282DB2B986F89003CC30D /* Info.plist */,
			);
			name = Files;
			sourceTree = "<group>";
		};
		2E08B8A22B988B7A001A9DF0 /* Login */ = {
			isa = PBXGroup;
			children = (
				2E0282D12B986F87003CC30D /* LoginViewController.swift */,
				2E08B8A32B9896A6001A9DF0 /* LoginView.swift */,
				2EC9CB942BAD95F400D7D0ED /* DummyViewController.swift */,
			);
			path = Login;
			sourceTree = "<group>";
		};
		2E5F7AEE2BA84F5B00129384 /* Onboarding */ = {
			isa = PBXGroup;
			children = (
				2E5F7AEF2BA84F9600129384 /* OnboardingContainerViewController.swift */,
				2E5F7AF12BA8576600129384 /* OnboardingViewController.swift */,
			);
			path = Onboarding;
			sourceTree = "<group>";
		};
		2E877DED2BB1742100782C21 /* AccountSummary */ = {
			isa = PBXGroup;
			children = (
				2E877DEE2BB1746E00782C21 /* AccountSummaryViewController.swift */,
			);
			path = AccountSummary;
			sourceTree = "<group>";
		};
		2EA7A7A42BAD9E54009442F3 /* Utils */ = {
			isa = PBXGroup;
			children = (
				2EA7A7A52BAD9E9D009442F3 /* LocalState.swift */,
				2EA7A7A72BADBE39009442F3 /* UIViewController+Utils.swift */,
			);
			path = Utils;
			sourceTree = "<group>";
		};
/* End PBXGroup section */

/* Begin PBXNativeTarget section */
		2E0282C92B986F87003CC30D /* Bankey */ = {
			isa = PBXNativeTarget;
			buildConfigurationList = 2E0282DE2B986F89003CC30D /* Build configuration list for PBXNativeTarget "Bankey" */;
			buildPhases = (
				2E0282C62B986F87003CC30D /* Sources */,
				2E0282C72B986F87003CC30D /* Frameworks */,
				2E0282C82B986F87003CC30D /* Resources */,
			);
			buildRules = (
			);
			dependencies = (
			);
			name = Bankey;
			productName = Bankey;
			productReference = 2E0282CA2B986F87003CC30D /* Bankey.app */;
			productType = "com.apple.product-type.application";
		};
/* End PBXNativeTarget section */

/* Begin PBXProject section */
		2E0282C22B986F87003CC30D /* Project object */ = {
			isa = PBXProject;
			attributes = {
				BuildIndependentTargetsInParallel = 1;
				LastSwiftUpdateCheck = 1510;
				LastUpgradeCheck = 1510;
				TargetAttributes = {
					2E0282C92B986F87003CC30D = {
						CreatedOnToolsVersion = 15.1;
					};
				};
			};
			buildConfigurationList = 2E0282C52B986F87003CC30D /* Build configuration list for PBXProject "Bankey" */;
			compatibilityVersion = "Xcode 14.0";
			developmentRegion = en;
			hasScannedForEncodings = 0;
			knownRegions = (
				en,
				Base,
			);
			mainGroup = 2E0282C12B986F87003CC30D;
			productRefGroup = 2E0282CB2B986F87003CC30D /* Products */;
			projectDirPath = "";
			projectRoot = "";
			targets = (
				2E0282C92B986F87003CC30D /* Bankey */,
			);
		};
/* End PBXProject section */

/* Begin PBXResourcesBuildPhase section */
		2E0282C82B986F87003CC30D /* Resources */ = {
			isa = PBXResourcesBuildPhase;
			buildActionMask = 2147483647;
			files = (
				2E0282DA2B986F89003CC30D /* LaunchScreen.storyboard in Resources */,
				2E0282D72B986F89003CC30D /* Assets.xcassets in Resources */,
			);
			runOnlyForDeploymentPostprocessing = 0;
		};
/* End PBXResourcesBuildPhase section */

/* Begin PBXSourcesBuildPhase section */
		2E0282C62B986F87003CC30D /* Sources */ = {
			isa = PBXSourcesBuildPhase;
			buildActionMask = 2147483647;
			files = (
				2E08B8A42B9896A6001A9DF0 /* LoginView.swift in Sources */,
				2E08B8A62B98BAD0001A9DF0 /* Test.swift in Sources */,
				2EA7A7A82BADBE39009442F3 /* UIViewController+Utils.swift in Sources */,
				2EC9CB952BAD95F400D7D0ED /* DummyViewController.swift in Sources */,
				2E5F7AF22BA8576600129384 /* OnboardingViewController.swift in Sources */,
				2E0282D22B986F87003CC30D /* LoginViewController.swift in Sources */,
				2E5F7AF02BA84F9600129384 /* OnboardingContainerViewController.swift in Sources */,
				2E0282CE2B986F87003CC30D /* AppDelegate.swift in Sources */,
				2E877DEF2BB1746E00782C21 /* AccountSummaryViewController.swift in Sources */,
				2EA7A7A62BAD9E9D009442F3 /* LocalState.swift in Sources */,
				2EA7A7AA2BADC043009442F3 /* MainViewController.swift in Sources */,
			);
			runOnlyForDeploymentPostprocessing = 0;
		};
/* End PBXSourcesBuildPhase section */

/* Begin PBXVariantGroup section */
		2E0282D82B986F89003CC30D /* LaunchScreen.storyboard */ = {
			isa = PBXVariantGroup;
			children = (
				2E0282D92B986F89003CC30D /* Base */,
			);
			name = LaunchScreen.storyboard;
			sourceTree = "<group>";
		};
/* End PBXVariantGroup section */

/* Begin XCBuildConfiguration section */
		2E0282DC2B986F89003CC30D /* Debug */ = {
			isa = XCBuildConfiguration;
			buildSettings = {
				ALWAYS_SEARCH_USER_PATHS = NO;
				ASSETCATALOG_COMPILER_GENERATE_SWIFT_ASSET_SYMBOL_EXTENSIONS = YES;
				CLANG_ANALYZER_NONNULL = YES;
				CLANG_ANALYZER_NUMBER_OBJECT_CONVERSION = YES_AGGRESSIVE;
				CLANG_CXX_LANGUAGE_STANDARD = "gnu++20";
				CLANG_ENABLE_MODULES = YES;
				CLANG_ENABLE_OBJC_ARC = YES;
				CLANG_ENABLE_OBJC_WEAK = YES;
				CLANG_WARN_BLOCK_CAPTURE_AUTORELEASING = YES;
				CLANG_WARN_BOOL_CONVERSION = YES;
				CLANG_WARN_COMMA = YES;
				CLANG_WARN_CONSTANT_CONVERSION = YES;
				CLANG_WARN_DEPRECATED_OBJC_IMPLEMENTATIONS = YES;
				CLANG_WARN_DIRECT_OBJC_ISA_USAGE = YES_ERROR;
				CLANG_WARN_DOCUMENTATION_COMMENTS = YES;
				CLANG_WARN_EMPTY_BODY = YES;
				CLANG_WARN_ENUM_CONVERSION = YES;
				CLANG_WARN_INFINITE_RECURSION = YES;
				CLANG_WARN_INT_CONVERSION = YES;
				CLANG_WARN_NON_LITERAL_NULL_CONVERSION = YES;
				CLANG_WARN_OBJC_IMPLICIT_RETAIN_SELF = YES;
				CLANG_WARN_OBJC_LITERAL_CONVERSION = YES;
				CLANG_WARN_OBJC_ROOT_CLASS = YES_ERROR;
				CLANG_WARN_QUOTED_INCLUDE_IN_FRAMEWORK_HEADER = YES;
				CLANG_WARN_RANGE_LOOP_ANALYSIS = YES;
				CLANG_WARN_STRICT_PROTOTYPES = YES;
				CLANG_WARN_SUSPICIOUS_MOVE = YES;
				CLANG_WARN_UNGUARDED_AVAILABILITY = YES_AGGRESSIVE;
				CLANG_WARN_UNREACHABLE_CODE = YES;
				CLANG_WARN__DUPLICATE_METHOD_MATCH = YES;
				COPY_PHASE_STRIP = NO;
				DEBUG_INFORMATION_FORMAT = dwarf;
				ENABLE_STRICT_OBJC_MSGSEND = YES;
				ENABLE_TESTABILITY = YES;
				ENABLE_USER_SCRIPT_SANDBOXING = YES;
				GCC_C_LANGUAGE_STANDARD = gnu17;
				GCC_DYNAMIC_NO_PIC = NO;
				GCC_NO_COMMON_BLOCKS = YES;
				GCC_OPTIMIZATION_LEVEL = 0;
				GCC_PREPROCESSOR_DEFINITIONS = (
					"DEBUG=1",
					"$(inherited)",
				);
				GCC_WARN_64_TO_32_BIT_CONVERSION = YES;
				GCC_WARN_ABOUT_RETURN_TYPE = YES_ERROR;
				GCC_WARN_UNDECLARED_SELECTOR = YES;
				GCC_WARN_UNINITIALIZED_AUTOS = YES_AGGRESSIVE;
				GCC_WARN_UNUSED_FUNCTION = YES;
				GCC_WARN_UNUSED_VARIABLE = YES;
				IPHONEOS_DEPLOYMENT_TARGET = 17.2;
				LOCALIZATION_PREFERS_STRING_CATALOGS = YES;
				MTL_ENABLE_DEBUG_INFO = INCLUDE_SOURCE;
				MTL_FAST_MATH = YES;
				ONLY_ACTIVE_ARCH = YES;
				SDKROOT = iphoneos;
				SWIFT_ACTIVE_COMPILATION_CONDITIONS = "DEBUG $(inherited)";
				SWIFT_OPTIMIZATION_LEVEL = "-Onone";
			};
			name = Debug;
		};
		2E0282DD2B986F89003CC30D /* Release */ = {
			isa = XCBuildConfiguration;
			buildSettings = {
				ALWAYS_SEARCH_USER_PATHS = NO;
				ASSETCATALOG_COMPILER_GENERATE_SWIFT_ASSET_SYMBOL_EXTENSIONS = YES;
				CLANG_ANALYZER_NONNULL = YES;
				CLANG_ANALYZER_NUMBER_OBJECT_CONVERSION = YES_AGGRESSIVE;
				CLANG_CXX_LANGUAGE_STANDARD = "gnu++20";
				CLANG_ENABLE_MODULES = YES;
				CLANG_ENABLE_OBJC_ARC = YES;
				CLANG_ENABLE_OBJC_WEAK = YES;
				CLANG_WARN_BLOCK_CAPTURE_AUTORELEASING = YES;
				CLANG_WARN_BOOL_CONVERSION = YES;
				CLANG_WARN_COMMA = YES;
				CLANG_WARN_CONSTANT_CONVERSION = YES;
				CLANG_WARN_DEPRECATED_OBJC_IMPLEMENTATIONS = YES;
				CLANG_WARN_DIRECT_OBJC_ISA_USAGE = YES_ERROR;
				CLANG_WARN_DOCUMENTATION_COMMENTS = YES;
				CLANG_WARN_EMPTY_BODY = YES;
				CLANG_WARN_ENUM_CONVERSION = YES;
				CLANG_WARN_INFINITE_RECURSION = YES;
				CLANG_WARN_INT_CONVERSION = YES;
				CLANG_WARN_NON_LITERAL_NULL_CONVERSION = YES;
				CLANG_WARN_OBJC_IMPLICIT_RETAIN_SELF = YES;
				CLANG_WARN_OBJC_LITERAL_CONVERSION = YES;
				CLANG_WARN_OBJC_ROOT_CLASS = YES_ERROR;
				CLANG_WARN_QUOTED_INCLUDE_IN_FRAMEWORK_HEADER = YES;
				CLANG_WARN_RANGE_LOOP_ANALYSIS = YES;
				CLANG_WARN_STRICT_PROTOTYPES = YES;
				CLANG_WARN_SUSPICIOUS_MOVE = YES;
				CLANG_WARN_UNGUARDED_AVAILABILITY = YES_AGGRESSIVE;
				CLANG_WARN_UNREACHABLE_CODE = YES;
				CLANG_WARN__DUPLICATE_METHOD_MATCH = YES;
				COPY_PHASE_STRIP = NO;
				DEBUG_INFORMATION_FORMAT = "dwarf-with-dsym";
				ENABLE_NS_ASSERTIONS = NO;
				ENABLE_STRICT_OBJC_MSGSEND = YES;
				ENABLE_USER_SCRIPT_SANDBOXING = YES;
				GCC_C_LANGUAGE_STANDARD = gnu17;
				GCC_NO_COMMON_BLOCKS = YES;
				GCC_WARN_64_TO_32_BIT_CONVERSION = YES;
				GCC_WARN_ABOUT_RETURN_TYPE = YES_ERROR;
				GCC_WARN_UNDECLARED_SELECTOR = YES;
				GCC_WARN_UNINITIALIZED_AUTOS = YES_AGGRESSIVE;
				GCC_WARN_UNUSED_FUNCTION = YES;
				GCC_WARN_UNUSED_VARIABLE = YES;
				IPHONEOS_DEPLOYMENT_TARGET = 17.2;
				LOCALIZATION_PREFERS_STRING_CATALOGS = YES;
				MTL_ENABLE_DEBUG_INFO = NO;
				MTL_FAST_MATH = YES;
				SDKROOT = iphoneos;
				SWIFT_COMPILATION_MODE = wholemodule;
				VALIDATE_PRODUCT = YES;
			};
			name = Release;
		};
		2E0282DF2B986F89003CC30D /* Debug */ = {
			isa = XCBuildConfiguration;
			buildSettings = {
				ASSETCATALOG_COMPILER_APPICON_NAME = AppIcon;
				ASSETCATALOG_COMPILER_GLOBAL_ACCENT_COLOR_NAME = AccentColor;
				CODE_SIGN_STYLE = Automatic;
				CURRENT_PROJECT_VERSION = 1;
				GENERATE_INFOPLIST_FILE = YES;
				INFOPLIST_FILE = Bankey/Info.plist;
				INFOPLIST_KEY_UIApplicationSupportsIndirectInputEvents = YES;
				INFOPLIST_KEY_UILaunchStoryboardName = LaunchScreen;
				INFOPLIST_KEY_UISupportedInterfaceOrientations_iPad = "UIInterfaceOrientationPortrait UIInterfaceOrientationPortraitUpsideDown UIInterfaceOrientationLandscapeLeft UIInterfaceOrientationLandscapeRight";
				INFOPLIST_KEY_UISupportedInterfaceOrientations_iPhone = "UIInterfaceOrientationPortrait UIInterfaceOrientationLandscapeLeft UIInterfaceOrientationLandscapeRight";
				LD_RUNPATH_SEARCH_PATHS = (
					"$(inherited)",
					"@executable_path/Frameworks",
				);
				MARKETING_VERSION = 1.0;
				PRODUCT_BUNDLE_IDENTIFIER = pt.tiagorodrigues.Bankey;
				PRODUCT_NAME = "$(TARGET_NAME)";
				SWIFT_EMIT_LOC_STRINGS = YES;
				SWIFT_VERSION = 5.0;
				TARGETED_DEVICE_FAMILY = "1,2";
			};
			name = Debug;
		};
		2E0282E02B986F89003CC30D /* Release */ = {
			isa = XCBuildConfiguration;
			buildSettings = {
				ASSETCATALOG_COMPILER_APPICON_NAME = AppIcon;
				ASSETCATALOG_COMPILER_GLOBAL_ACCENT_COLOR_NAME = AccentColor;
				CODE_SIGN_STYLE = Automatic;
				CURRENT_PROJECT_VERSION = 1;
				GENERATE_INFOPLIST_FILE = YES;
				INFOPLIST_FILE = Bankey/Info.plist;
				INFOPLIST_KEY_UIApplicationSupportsIndirectInputEvents = YES;
				INFOPLIST_KEY_UILaunchStoryboardName = LaunchScreen;
				INFOPLIST_KEY_UISupportedInterfaceOrientations_iPad = "UIInterfaceOrientationPortrait UIInterfaceOrientationPortraitUpsideDown UIInterfaceOrientationLandscapeLeft UIInterfaceOrientationLandscapeRight";
				INFOPLIST_KEY_UISupportedInterfaceOrientations_iPhone = "UIInterfaceOrientationPortrait UIInterfaceOrientationLandscapeLeft UIInterfaceOrientationLandscapeRight";
				LD_RUNPATH_SEARCH_PATHS = (
					"$(inherited)",
					"@executable_path/Frameworks",
				);
				MARKETING_VERSION = 1.0;
				PRODUCT_BUNDLE_IDENTIFIER = pt.tiagorodrigues.Bankey;
				PRODUCT_NAME = "$(TARGET_NAME)";
				SWIFT_EMIT_LOC_STRINGS = YES;
				SWIFT_VERSION = 5.0;
				TARGETED_DEVICE_FAMILY = "1,2";
			};
			name = Release;
		};
/* End XCBuildConfiguration section */

/* Begin XCConfigurationList section */
		2E0282C52B986F87003CC30D /* Build configuration list for PBXProject "Bankey" */ = {
			isa = XCConfigurationList;
			buildConfigurations = (
				2E0282DC2B986F89003CC30D /* Debug */,
				2E0282DD2B986F89003CC30D /* Release */,
			);
			defaultConfigurationIsVisible = 0;
			defaultConfigurationName = Release;
		};
		2E0282DE2B986F89003CC30D /* Build configuration list for PBXNativeTarget "Bankey" */ = {
			isa = XCConfigurationList;
			buildConfigurations = (
				2E0282DF2B986F89003CC30D /* Debug */,
				2E0282E02B986F89003CC30D /* Release */,
			);
			defaultConfigurationIsVisible = 0;
			defaultConfigurationName = Release;
		};
/* End XCConfigurationList section */
	};
	rootObject = 2E0282C22B986F87003CC30D /* Project object */;
}
